PODS:
  - Appear (0.0.1):
    - Appear/Components (= 0.0.1)
    - Appear/Core (= 0.0.1)
  - Appear/Components (0.0.1)
  - Appear/Core (0.0.1)

DEPENDENCIES:
  - Appear (from `./`)

EXTERNAL SOURCES:
  Appear:
    :path: "./"

SPEC CHECKSUMS:
  Appear: fb685dfa2c21926003542ea51445acfbd44e7000

PODFILE CHECKSUM: 9773cf71f72138329b9b1699250b72a0c4f8a5ef

COCOAPODS: 1.5.3
